// !$*UTF8*$!
{
	archiveVersion = 1;
	classes = {
	};
	objectVersion = 46;
	objects = {

/* Begin PBXBuildFile section */
		266A44E11E9BC229005E17B6 /* AppDelegate.swift in Sources */ = {isa = PBXBuildFile; fileRef = 266A44E01E9BC229005E17B6 /* AppDelegate.swift */; };
		266A44E31E9BC229005E17B6 /* ViewController.swift in Sources */ = {isa = PBXBuildFile; fileRef = 266A44E21E9BC229005E17B6 /* ViewController.swift */; };
		266A44E61E9BC22A005E17B6 /* Main.storyboard in Resources */ = {isa = PBXBuildFile; fileRef = 266A44E41E9BC22A005E17B6 /* Main.storyboard */; };
		266A44E81E9BC22A005E17B6 /* Assets.xcassets in Resources */ = {isa = PBXBuildFile; fileRef = 266A44E71E9BC22A005E17B6 /* Assets.xcassets */; };
		266A44EB1E9BC22A005E17B6 /* LaunchScreen.storyboard in Resources */ = {isa = PBXBuildFile; fileRef = 266A44E91E9BC22A005E17B6 /* LaunchScreen.storyboard */; };
		266A44F61E9BC34C005E17B6 /* AccelerometerManager.swift in Sources */ = {isa = PBXBuildFile; fileRef = 266A44F51E9BC34C005E17B6 /* AccelerometerManager.swift */; };
/* End PBXBuildFile section */

/* Begin PBXFileReference section */
		266A44DD1E9BC229005E17B6 /* accelerometer.app */ = {isa = PBXFileReference; explicitFileType = wrapper.application; includeInIndex = 0; path = accelerometer.app; sourceTree = BUILT_PRODUCTS_DIR; };
		266A44E01E9BC229005E17B6 /* AppDelegate.swift */ = {isa = PBXFileReference; lastKnownFileType = sourcecode.swift; path = AppDelegate.swift; sourceTree = "<group>"; };
		266A44E21E9BC229005E17B6 /* ViewController.swift */ = {isa = PBXFileReference; lastKnownFileType = sourcecode.swift; name = ViewController.swift; path = ../ViewController.swift; sourceTree = "<group>"; };
		266A44E51E9BC22A005E17B6 /* Base */ = {isa = PBXFileReference; lastKnownFileType = file.storyboard; name = Base; path = Base.lproj/Main.storyboard; sourceTree = "<group>"; };
		266A44E71E9BC22A005E17B6 /* Assets.xcassets */ = {isa = PBXFileReference; lastKnownFileType = folder.assetcatalog; path = Assets.xcassets; sourceTree = "<group>"; };
		266A44EA1E9BC22A005E17B6 /* Base */ = {isa = PBXFileReference; lastKnownFileType = file.storyboard; name = Base; path = Base.lproj/LaunchScreen.storyboard; sourceTree = "<group>"; };
		266A44EC1E9BC22A005E17B6 /* Info.plist */ = {isa = PBXFileReference; lastKnownFileType = text.plist.xml; path = Info.plist; sourceTree = "<group>"; };
		266A44F51E9BC34C005E17B6 /* AccelerometerManager.swift */ = {isa = PBXFileReference; fileEncoding = 4; lastKnownFileType = sourcecode.swift; path = AccelerometerManager.swift; sourceTree = "<group>"; };
/* End PBXFileReference section */

/* Begin PBXFrameworksBuildPhase section */
		266A44DA1E9BC229005E17B6 /* Frameworks */ = {
			isa = PBXFrameworksBuildPhase;
			buildActionMask = 2147483647;
			files = (
			);
			runOnlyForDeploymentPostprocessing = 0;
		};
/* End PBXFrameworksBuildPhase section */

/* Begin PBXGroup section */
		266A44D41E9BC228005E17B6 = {
			isa = PBXGroup;
			children = (
				266A44DF1E9BC229005E17B6 /* accelerometer */,
				266A44DE1E9BC229005E17B6 /* Products */,
			);
			sourceTree = "<group>";
		};
		266A44DE1E9BC229005E17B6 /* Products */ = {
			isa = PBXGroup;
			children = (
				266A44DD1E9BC229005E17B6 /* accelerometer.app */,
			);
			name = Products;
			sourceTree = "<group>";
		};
		266A44DF1E9BC229005E17B6 /* accelerometer */ = {
			isa = PBXGroup;
			children = (
				266A44F41E9BC2A2005E17B6 /* Models */,
				266A44F21E9BC258005E17B6 /* Controllers */,
				266A44F31E9BC258005E17B6 /* Views */,
				266A44E01E9BC229005E17B6 /* AppDelegate.swift */,
				266A44E71E9BC22A005E17B6 /* Assets.xcassets */,
				266A44EC1E9BC22A005E17B6 /* Info.plist */,
			);
			path = accelerometer;
			sourceTree = "<group>";
		};
		266A44F21E9BC258005E17B6 /* Controllers */ = {
			isa = PBXGroup;
			children = (
				266A44E21E9BC229005E17B6 /* ViewController.swift */,
			);
			path = Controllers;
			sourceTree = "<group>";
		};
		266A44F31E9BC258005E17B6 /* Views */ = {
			isa = PBXGroup;
			children = (
				266A44E41E9BC22A005E17B6 /* Main.storyboard */,
				266A44E91E9BC22A005E17B6 /* LaunchScreen.storyboard */,
			);
			path = Views;
			sourceTree = "<group>";
		};
		266A44F41E9BC2A2005E17B6 /* Models */ = {
			isa = PBXGroup;
			children = (
				266A44F51E9BC34C005E17B6 /* AccelerometerManager.swift */,
			);
			path = Models;
			sourceTree = "<group>";
		};
/* End PBXGroup section */

/* Begin PBXNativeTarget section */
		266A44DC1E9BC229005E17B6 /* accelerometer */ = {
			isa = PBXNativeTarget;
			buildConfigurationList = 266A44EF1E9BC22A005E17B6 /* Build configuration list for PBXNativeTarget "accelerometer" */;
			buildPhases = (
				266A44D91E9BC229005E17B6 /* Sources */,
				266A44DA1E9BC229005E17B6 /* Frameworks */,
				266A44DB1E9BC229005E17B6 /* Resources */,
			);
			buildRules = (
			);
			dependencies = (
			);
			name = accelerometer;
			productName = accelerometer;
			productReference = 266A44DD1E9BC229005E17B6 /* accelerometer.app */;
			productType = "com.apple.product-type.application";
		};
/* End PBXNativeTarget section */

/* Begin PBXProject section */
		266A44D51E9BC228005E17B6 /* Project object */ = {
			isa = PBXProject;
			attributes = {
				LastSwiftUpdateCheck = 0820;
				LastUpgradeCheck = 0820;
				ORGANIZATIONNAME = nextu;
				TargetAttributes = {
					266A44DC1E9BC229005E17B6 = {
						CreatedOnToolsVersion = 8.2.1;
						DevelopmentTeam = 66H7PAJH7N;
						ProvisioningStyle = Automatic;
					};
				};
			};
			buildConfigurationList = 266A44D81E9BC228005E17B6 /* Build configuration list for PBXProject "accelerometer" */;
			compatibilityVersion = "Xcode 3.2";
			developmentRegion = English;
			hasScannedForEncodings = 0;
			knownRegions = (
				en,
				Base,
			);
			mainGroup = 266A44D41E9BC228005E17B6;
			productRefGroup = 266A44DE1E9BC229005E17B6 /* Products */;
			projectDirPath = "";
			projectRoot = "";
			targets = (
				266A44DC1E9BC229005E17B6 /* accelerometer */,
			);
		};
/* End PBXProject section */

/* Begin PBXResourcesBuildPhase section */
		266A44DB1E9BC229005E17B6 /* Resources */ = {
			isa = PBXResourcesBuildPhase;
			buildActionMask = 2147483647;
			files = (
				266A44EB1E9BC22A005E17B6 /* LaunchScreen.storyboard in Resources */,
				266A44E81E9BC22A005E17B6 /* Assets.xcassets in Resources */,
				266A44E61E9BC22A005E17B6 /* Main.storyboard in Resources */,
			);
			runOnlyForDeploymentPostprocessing = 0;
		};
/* End PBXResourcesBuildPhase section */

/* Begin PBXSourcesBuildPhase section */
		266A44D91E9BC229005E17B6 /* Sources */ = {
			isa = PBXSourcesBuildPhase;
			buildActionMask = 2147483647;
			files = (
				266A44E31E9BC229005E17B6 /* ViewController.swift in Sources */,
				266A44F61E9BC34C005E17B6 /* AccelerometerManager.swift in Sources */,
				266A44E11E9BC229005E17B6 /* AppDelegate.swift in Sources */,
			);
			runOnlyForDeploymentPostprocessing = 0;
		};
/* End PBXSourcesBuildPhase section */

/* Begin PBXVariantGroup section */
		266A44E41E9BC22A005E17B6 /* Main.storyboard */ = {
			isa = PBXVariantGroup;
			children = (
				266A44E51E9BC22A005E17B6 /* Base */,
			);
			name = Main.storyboard;
			path = ..;
			sourceTree = "<group>";
		};
		266A44E91E9BC22A005E17B6 /* LaunchScreen.storyboard */ = {
			isa = PBXVariantGroup;
			children = (
				266A44EA1E9BC22A005E17B6 /* Base */,
			);
			name = LaunchScreen.storyboard;
			path = ..;
			sourceTree = "<group>";
		};
/* End PBXVariantGroup section */

/* Begin XCBuildConfiguration section */
		266A44ED1E9BC22A005E17B6 /* Debug */ = {
			isa = XCBuildConfiguration;
			buildSettings = {
				ALWAYS_SEARCH_USER_PATHS = NO;
				CLANG_ANALYZER_NONNULL = YES;
				CLANG_CXX_LANGUAGE_STANDARD = "gnu++0x";
				CLANG_CXX_LIBRARY = "libc++";
				CLANG_ENABLE_MODULES = YES;
				CLANG_ENABLE_OBJC_ARC = YES;
				CLANG_WARN_BOOL_CONVERSION = YES;
				CLANG_WARN_CONSTANT_CONVERSION = YES;
				CLANG_WARN_DIRECT_OBJC_ISA_USAGE = YES_ERROR;
				CLANG_WARN_DOCUMENTATION_COMMENTS = YES;
				CLANG_WARN_EMPTY_BODY = YES;
				CLANG_WARN_ENUM_CONVERSION = YES;
				CLANG_WARN_INFINITE_RECURSION = YES;
				CLANG_WARN_INT_CONVERSION = YES;
				CLANG_WARN_OBJC_ROOT_CLASS = YES_ERROR;
				CLANG_WARN_SUSPICIOUS_MOVE = YES;
				CLANG_WARN_UNREACHABLE_CODE = YES;
				CLANG_WARN__DUPLICATE_METHOD_MATCH = YES;
				"CODE_SIGN_IDENTITY[sdk=iphoneos*]" = "iPhone Developer";
				COPY_PHASE_STRIP = NO;
				DEBUG_INFORMATION_FORMAT = dwarf;
				ENABLE_STRICT_OBJC_MSGSEND = YES;
				ENABLE_TESTABILITY = YES;
				GCC_C_LANGUAGE_STANDARD = gnu99;
				GCC_DYNAMIC_NO_PIC = NO;
				GCC_NO_COMMON_BLOCKS = YES;
				GCC_OPTIMIZATION_LEVEL = 0;
				GCC_PREPROCESSOR_DEFINITIONS = (
					"DEBUG=1",
					"$(inherited)",
				);
				GCC_WARN_64_TO_32_BIT_CONVERSION = YES;
				GCC_WARN_ABOUT_RETURN_TYPE = YES_ERROR;
				GCC_WARN_UNDECLARED_SELECTOR = YES;
				GCC_WARN_UNINITIALIZED_AUTOS = YES_AGGRESSIVE;
				GCC_WARN_UNUSED_FUNCTION = YES;
				GCC_WARN_UNUSED_VARIABLE = YES;
				IPHONEOS_DEPLOYMENT_TARGET = 10.2;
				MTL_ENABLE_DEBUG_INFO = YES;
				ONLY_ACTIVE_ARCH = YES;
				SDKROOT = iphoneos;
				SWIFT_ACTIVE_COMPILATION_CONDITIONS = DEBUG;
				SWIFT_OPTIMIZATION_LEVEL = "-Onone";
				TARGETED_DEVICE_FAMILY = "1,2";
			};
			name = Debug;
		};
		266A44EE1E9BC22A005E17B6 /* Release */ = {
			isa = XCBuildConfiguration;
			buildSettings = {
				ALWAYS_SEARCH_USER_PATHS = NO;
				CLANG_ANALYZER_NONNULL = YES;
				CLANG_CXX_LANGUAGE_STANDARD = "gnu++0x";
				CLANG_CXX_LIBRARY = "libc++";
				CLANG_ENABLE_MODULES = YES;
				CLANG_ENABLE_OBJC_ARC = YES;
				CLANG_WARN_BOOL_CONVERSION = YES;
				CLANG_WARN_CONSTANT_CONVERSION = YES;
				CLANG_WARN_DIRECT_OBJC_ISA_USAGE = YES_ERROR;
				CLANG_WARN_DOCUMENTATION_COMMENTS = YES;
				CLANG_WARN_EMPTY_BODY = YES;
				CLANG_WARN_ENUM_CONVERSION = YES;
				CLANG_WARN_INFINITE_RECURSION = YES;
				CLANG_WARN_INT_CONVERSION = YES;
				CLANG_WARN_OBJC_ROOT_CLASS = YES_ERROR;
				CLANG_WARN_SUSPICIOUS_MOVE = YES;
				CLANG_WARN_UNREACHABLE_CODE = YES;
				CLANG_WARN__DUPLICATE_METHOD_MATCH = YES;
				"CODE_SIGN_IDENTITY[sdk=iphoneos*]" = "iPhone Developer";
				COPY_PHASE_STRIP = NO;
				DEBUG_INFORMATION_FORMAT = "dwarf-with-dsym";
				ENABLE_NS_ASSERTIONS = NO;
				ENABLE_STRICT_OBJC_MSGSEND = YES;
				GCC_C_LANGUAGE_STANDARD = gnu99;
				GCC_NO_COMMON_BLOCKS = YES;
				GCC_WARN_64_TO_32_BIT_CONVERSION = YES;
				GCC_WARN_ABOUT_RETURN_TYPE = YES_ERROR;
				GCC_WARN_UNDECLARED_SELECTOR = YES;
				GCC_WARN_UNINITIALIZED_AUTOS = YES_AGGRESSIVE;
				GCC_WARN_UNUSED_FUNCTION = YES;
				GCC_WARN_UNUSED_VARIABLE = YES;
				IPHONEOS_DEPLOYMENT_TARGET = 10.2;
				MTL_ENABLE_DEBUG_INFO = NO;
				SDKROOT = iphoneos;
				SWIFT_OPTIMIZATION_LEVEL = "-Owholemodule";
				TARGETED_DEVICE_FAMILY = "1,2";
				VALIDATE_PRODUCT = YES;
			};
			name = Release;
		};
		266A44F01E9BC22A005E17B6 /* Debug */ = {
			isa = XCBuildConfiguration;
			buildSettings = {
				ASSETCATALOG_COMPILER_APPICON_NAME = AppIcon;
				DEVELOPMENT_TEAM = 66H7PAJH7N;
				INFOPLIST_FILE = accelerometer/Info.plist;
				IPHONEOS_DEPLOYMENT_TARGET = 9.0;
				LD_RUNPATH_SEARCH_PATHS = "$(inherited) @executable_path/Frameworks";
				PRODUCT_BUNDLE_IDENTIFIER = com.nextu.accelerometer;
				PRODUCT_NAME = "$(TARGET_NAME)";
				SWIFT_VERSION = 3.0;
			};
			name = Debug;
		};
		266A44F11E9BC22A005E17B6 /* Release */ = {
			isa = XCBuildConfiguration;
			buildSettings = {
				ASSETCATALOG_COMPILER_APPICON_NAME = AppIcon;
				DEVELOPMENT_TEAM = 66H7PAJH7N;
				INFOPLIST_FILE = accelerometer/Info.plist;
				IPHONEOS_DEPLOYMENT_TARGET = 9.0;
				LD_RUNPATH_SEARCH_PATHS = "$(inherited) @executable_path/Frameworks";
				PRODUCT_BUNDLE_IDENTIFIER = com.nextu.accelerometer;
				PRODUCT_NAME = "$(TARGET_NAME)";
				SWIFT_VERSION = 3.0;
			};
			name = Release;
		};
/* End XCBuildConfiguration section */

/* Begin XCConfigurationList section */
		266A44D81E9BC228005E17B6 /* Build configuration list for PBXProject "accelerometer" */ = {
			isa = XCConfigurationList;
			buildConfigurations = (
				266A44ED1E9BC22A005E17B6 /* Debug */,
				266A44EE1E9BC22A005E17B6 /* Release */,
			);
			defaultConfigurationIsVisible = 0;
			defaultConfigurationName = Release;
		};
		266A44EF1E9BC22A005E17B6 /* Build configuration list for PBXNativeTarget "accelerometer" */ = {
			isa = XCConfigurationList;
			buildConfigurations = (
				266A44F01E9BC22A005E17B6 /* Debug */,
				266A44F11E9BC22A005E17B6 /* Release */,
			);
			defaultConfigurationIsVisible = 0;
			defaultConfigurationName = Release;
		};
/* End XCConfigurationList section */
	};
	rootObject = 266A44D51E9BC228005E17B6 /* Project object */;
}
